
Microsoft Visual Studio Solution File, Format Version 12.00
# Visual Studio 2012
Project("{FAE04EC0-301F-11D3-BF4B-00C04F79EFBC}") = "Project 2", "Project 2\Project 2.csproj", "{00420867-0C6B-48B0-BE29-86E9BD5FA010}"
EndProject
Global
	GlobalSection(SolutionConfigurationPlatforms) = preSolution
		Debug|Any CPU = Debug|Any CPU
		Release|Any CPU = Release|Any CPU
	EndGlobalSection
	GlobalSection(ProjectConfigurationPlatforms) = postSolution
		{00420867-0C6B-48B0-BE29-86E9BD5FA010}.Debug|Any CPU.ActiveCfg = Debug|Any CPU
		{00420867-0C6B-48B0-BE29-86E9BD5FA010}.Debug|Any CPU.Build.0 = Debug|Any CPU
		{00420867-0C6B-48B0-BE29-86E9BD5FA010}.Release|Any CPU.ActiveCfg = Release|Any CPU
		{00420867-0C6B-48B0-BE29-86E9BD5FA010}.Release|Any CPU.Build.0 = Release|Any CPU
	EndGlobalSection
	GlobalSection(SolutionProperties) = preSolution
		HideSolutionNode = FALSE
	EndGlobalSection
EndGlobal
